
Microsoft Visual Studio Solution File, Format Version 11.00
# Visual Studio 2010
Project("{FAE04EC0-301F-11D3-BF4B-00C04F79EFBC}") = "HTNVR", "Assembly-CSharp.csproj", "{0C387746-0472-DEB2-20B7-2EAFC676EBEE}"
EndProject
Project("{FAE04EC0-301F-11D3-BF4B-00C04F79EFBC}") = "HTNVR", "Assembly-CSharp-Editor.csproj", "{DED8B957-1B96-C910-969D-023C5D6E5407}"
EndProject
Global
	GlobalSection(SolutionConfigurationPlatforms) = preSolution
		Debug|Any CPU = Debug|Any CPU
		Release|Any CPU = Release|Any CPU
	EndGlobalSection
	GlobalSection(ProjectConfigurationPlatforms) = postSolution
		{0C387746-0472-DEB2-20B7-2EAFC676EBEE}.Debug|Any CPU.ActiveCfg = Debug|Any CPU
		{0C387746-0472-DEB2-20B7-2EAFC676EBEE}.Debug|Any CPU.Build.0 = Debug|Any CPU
		{0C387746-0472-DEB2-20B7-2EAFC676EBEE}.Release|Any CPU.ActiveCfg = Release|Any CPU
		{0C387746-0472-DEB2-20B7-2EAFC676EBEE}.Release|Any CPU.Build.0 = Release|Any CPU
		{DED8B957-1B96-C910-969D-023C5D6E5407}.Debug|Any CPU.ActiveCfg = Debug|Any CPU
		{DED8B957-1B96-C910-969D-023C5D6E5407}.Debug|Any CPU.Build.0 = Debug|Any CPU
		{DED8B957-1B96-C910-969D-023C5D6E5407}.Release|Any CPU.ActiveCfg = Release|Any CPU
		{DED8B957-1B96-C910-969D-023C5D6E5407}.Release|Any CPU.Build.0 = Release|Any CPU
	EndGlobalSection
	GlobalSection(SolutionProperties) = preSolution
		HideSolutionNode = FALSE
	EndGlobalSection
	GlobalSection(MonoDevelopProperties) = preSolution
		StartupItem = Assembly-CSharp.csproj
	EndGlobalSection
EndGlobal
